
Microsoft Visual Studio Solution File, Format Version 12.00
# Visual Studio Version 17
VisualStudioVersion = 17.0.32014.148
MinimumVisualStudioVersion = 10.0.40219.1
Project("{9A19103F-16F7-4668-BE54-9A1E7A4F7556}") = "GradeBook", "GradeBook\GradeBook.csproj", "{7BF746A0-679E-41EC-8359-1A86B421D7AB}"
EndProject
Project("{9A19103F-16F7-4668-BE54-9A1E7A4F7556}") = "MagicalNumber", "MagicalNumber\MagicalNumber.csproj", "{9F527D1E-2B52-4493-B485-DC3E98BFDE3A}"
EndProject
Project("{9A19103F-16F7-4668-BE54-9A1E7A4F7556}") = "MathematicsGame", "MathematicsGame\MathematicsGame.csproj", "{F2B02BA0-530D-42A3-BA3F-BADEB3670C61}"
EndProject
Project("{FAE04EC0-301F-11D3-BF4B-00C04F79EFBC}") = "PasswordGenerator", "PasswordGenerator\PasswordGenerator.csproj", "{1587394C-E496-483D-B489-FE4FC06355DF}"
EndProject
Project("{FAE04EC0-301F-11D3-BF4B-00C04F79EFBC}") = "CSharp101_Tools", "CSharp101-Tools\CSharp101_Tools.csproj", "{61029BD7-4CE8-44AD-9800-8D2A27AD797F}"
EndProject
Global
	GlobalSection(SolutionConfigurationPlatforms) = preSolution
		Debug|Any CPU = Debug|Any CPU
		Release|Any CPU = Release|Any CPU
	EndGlobalSection
	GlobalSection(ProjectConfigurationPlatforms) = postSolution
		{7BF746A0-679E-41EC-8359-1A86B421D7AB}.Debug|Any CPU.ActiveCfg = Debug|Any CPU
		{7BF746A0-679E-41EC-8359-1A86B421D7AB}.Debug|Any CPU.Build.0 = Debug|Any CPU
		{7BF746A0-679E-41EC-8359-1A86B421D7AB}.Release|Any CPU.ActiveCfg = Release|Any CPU
		{7BF746A0-679E-41EC-8359-1A86B421D7AB}.Release|Any CPU.Build.0 = Release|Any CPU
		{9F527D1E-2B52-4493-B485-DC3E98BFDE3A}.Debug|Any CPU.ActiveCfg = Debug|Any CPU
		{9F527D1E-2B52-4493-B485-DC3E98BFDE3A}.Debug|Any CPU.Build.0 = Debug|Any CPU
		{9F527D1E-2B52-4493-B485-DC3E98BFDE3A}.Release|Any CPU.ActiveCfg = Release|Any CPU
		{9F527D1E-2B52-4493-B485-DC3E98BFDE3A}.Release|Any CPU.Build.0 = Release|Any CPU
		{F2B02BA0-530D-42A3-BA3F-BADEB3670C61}.Debug|Any CPU.ActiveCfg = Debug|Any CPU
		{F2B02BA0-530D-42A3-BA3F-BADEB3670C61}.Debug|Any CPU.Build.0 = Debug|Any CPU
		{F2B02BA0-530D-42A3-BA3F-BADEB3670C61}.Release|Any CPU.ActiveCfg = Release|Any CPU
		{F2B02BA0-530D-42A3-BA3F-BADEB3670C61}.Release|Any CPU.Build.0 = Release|Any CPU
		{1587394C-E496-483D-B489-FE4FC06355DF}.Debug|Any CPU.ActiveCfg = Debug|Any CPU
		{1587394C-E496-483D-B489-FE4FC06355DF}.Debug|Any CPU.Build.0 = Debug|Any CPU
		{1587394C-E496-483D-B489-FE4FC06355DF}.Release|Any CPU.ActiveCfg = Release|Any CPU
		{1587394C-E496-483D-B489-FE4FC06355DF}.Release|Any CPU.Build.0 = Release|Any CPU
		{61029BD7-4CE8-44AD-9800-8D2A27AD797F}.Debug|Any CPU.ActiveCfg = Debug|Any CPU
		{61029BD7-4CE8-44AD-9800-8D2A27AD797F}.Debug|Any CPU.Build.0 = Debug|Any CPU
		{61029BD7-4CE8-44AD-9800-8D2A27AD797F}.Release|Any CPU.ActiveCfg = Release|Any CPU
		{61029BD7-4CE8-44AD-9800-8D2A27AD797F}.Release|Any CPU.Build.0 = Release|Any CPU
	EndGlobalSection
	GlobalSection(SolutionProperties) = preSolution
		HideSolutionNode = FALSE
	EndGlobalSection
	GlobalSection(ExtensibilityGlobals) = postSolution
		SolutionGuid = {D02352FA-0B0D-4A1B-9B60-9D7F8282D78A}
	EndGlobalSection
EndGlobal
